
Microsoft Visual Studio Solution File, Format Version 12.00
# Visual Studio 15
VisualStudioVersion = 15.0.28307.329
MinimumVisualStudioVersion = 10.0.40219.1
Project("{FAE04EC0-301F-11D3-BF4B-00C04F79EFBC}") = "ClassLibrary1", "ClassLibrary1\ClassLibrary1.csproj", "{9EC4A047-A37A-4C45-9DFB-8F765E5A6D87}"
EndProject
Global
	GlobalSection(SolutionConfigurationPlatforms) = preSolution
		Debug|Any CPU = Debug|Any CPU
		Release|Any CPU = Release|Any CPU
	EndGlobalSection
	GlobalSection(ProjectConfigurationPlatforms) = postSolution
		{9EC4A047-A37A-4C45-9DFB-8F765E5A6D87}.Debug|Any CPU.ActiveCfg = Debug|Any CPU
		{9EC4A047-A37A-4C45-9DFB-8F765E5A6D87}.Debug|Any CPU.Build.0 = Debug|Any CPU
		{9EC4A047-A37A-4C45-9DFB-8F765E5A6D87}.Release|Any CPU.ActiveCfg = Release|Any CPU
		{9EC4A047-A37A-4C45-9DFB-8F765E5A6D87}.Release|Any CPU.Build.0 = Release|Any CPU
	EndGlobalSection
	GlobalSection(SolutionProperties) = preSolution
		HideSolutionNode = FALSE
	EndGlobalSection
	GlobalSection(ExtensibilityGlobals) = postSolution
		SolutionGuid = {62681C1D-B576-49E9-88E8-2621BEB6B714}
	EndGlobalSection
EndGlobal
