
Microsoft Visual Studio Solution File, Format Version 12.00
# Visual Studio Version 17
VisualStudioVersion = 17.0.32002.185
MinimumVisualStudioVersion = 10.0.40219.1
Project("{9A19103F-16F7-4668-BE54-9A1E7A4F7556}") = "Web", "Web.csproj", "{6F3A49F4-2837-4AC7-ADBF-1D3ADAE9FC88}"
EndProject
Global
	GlobalSection(SolutionConfigurationPlatforms) = preSolution
		Debug|Any CPU = Debug|Any CPU
		Release|Any CPU = Release|Any CPU
	EndGlobalSection
	GlobalSection(ProjectConfigurationPlatforms) = postSolution
		{6F3A49F4-2837-4AC7-ADBF-1D3ADAE9FC88}.Debug|Any CPU.ActiveCfg = Debug|Any CPU
		{6F3A49F4-2837-4AC7-ADBF-1D3ADAE9FC88}.Debug|Any CPU.Build.0 = Debug|Any CPU
		{6F3A49F4-2837-4AC7-ADBF-1D3ADAE9FC88}.Release|Any CPU.ActiveCfg = Release|Any CPU
		{6F3A49F4-2837-4AC7-ADBF-1D3ADAE9FC88}.Release|Any CPU.Build.0 = Release|Any CPU
	EndGlobalSection
	GlobalSection(SolutionProperties) = preSolution
		HideSolutionNode = FALSE
	EndGlobalSection
	GlobalSection(ExtensibilityGlobals) = postSolution
		SolutionGuid = {8D74487C-B1FC-4381-8BE9-48BFE5D13511}
	EndGlobalSection
EndGlobal
